
Microsoft Visual Studio Solution File, Format Version 12.00
# Visual Studio 15
VisualStudioVersion = 15.0.28307.960
MinimumVisualStudioVersion = 10.0.40219.1
Project("{FAE04EC0-301F-11D3-BF4B-00C04F79EFBC}") = "BrainPad2", "BrainPad2\BrainPad2.csproj", "{9102D300-5771-478B-A19C-B89660639CFB}"
EndProject
Global
	GlobalSection(SolutionConfigurationPlatforms) = preSolution
		Debug|Any CPU = Debug|Any CPU
		Release|Any CPU = Release|Any CPU
	EndGlobalSection
	GlobalSection(ProjectConfigurationPlatforms) = postSolution
		{9102D300-5771-478B-A19C-B89660639CFB}.Debug|Any CPU.ActiveCfg = Debug|Any CPU
		{9102D300-5771-478B-A19C-B89660639CFB}.Debug|Any CPU.Build.0 = Debug|Any CPU
		{9102D300-5771-478B-A19C-B89660639CFB}.Debug|Any CPU.Deploy.0 = Debug|Any CPU
		{9102D300-5771-478B-A19C-B89660639CFB}.Release|Any CPU.ActiveCfg = Release|Any CPU
		{9102D300-5771-478B-A19C-B89660639CFB}.Release|Any CPU.Build.0 = Release|Any CPU
		{9102D300-5771-478B-A19C-B89660639CFB}.Release|Any CPU.Deploy.0 = Release|Any CPU
	EndGlobalSection
	GlobalSection(SolutionProperties) = preSolution
		HideSolutionNode = FALSE
	EndGlobalSection
	GlobalSection(ExtensibilityGlobals) = postSolution
		SolutionGuid = {DD32C9C2-73FA-49B6-B3CB-BB76DFF6EFEA}
	EndGlobalSection
EndGlobal
